// !$*UTF8*$!
{
	archiveVersion = 1;
	classes = {
	};
	objectVersion = 46;
	objects = {

/* Begin PBXBuildFile section */
		1A12C4501CAD6F2D00E9D512 /* AppDelegate.swift in Sources */ = {isa = PBXBuildFile; fileRef = 1A12C44F1CAD6F2D00E9D512 /* AppDelegate.swift */; };
		1A12C4521CAD6F2D00E9D512 /* MainMenuViewController.swift in Sources */ = {isa = PBXBuildFile; fileRef = 1A12C4511CAD6F2D00E9D512 /* MainMenuViewController.swift */; };
		1A12C4551CAD6F2D00E9D512 /* Main.storyboard in Resources */ = {isa = PBXBuildFile; fileRef = 1A12C4531CAD6F2D00E9D512 /* Main.storyboard */; };
		1A12C4571CAD6F2D00E9D512 /* Assets.xcassets in Resources */ = {isa = PBXBuildFile; fileRef = 1A12C4561CAD6F2D00E9D512 /* Assets.xcassets */; };
		1A12C45A1CAD6F2D00E9D512 /* LaunchScreen.storyboard in Resources */ = {isa = PBXBuildFile; fileRef = 1A12C4581CAD6F2D00E9D512 /* LaunchScreen.storyboard */; };
		1A12C4651CAD6F2D00E9D512 /* DemoNinjaTests.swift in Sources */ = {isa = PBXBuildFile; fileRef = 1A12C4641CAD6F2D00E9D512 /* DemoNinjaTests.swift */; };
		1A12C4701CAD6F2D00E9D512 /* DemoNinjaUITests.swift in Sources */ = {isa = PBXBuildFile; fileRef = 1A12C46F1CAD6F2D00E9D512 /* DemoNinjaUITests.swift */; };
		1A2D20041CAD70740058CE29 /* Script.swift in Sources */ = {isa = PBXBuildFile; fileRef = 1A2D20031CAD70740058CE29 /* Script.swift */; };
		1A2D20061CAD709B0058CE29 /* ScriptTests.swift in Sources */ = {isa = PBXBuildFile; fileRef = 1A2D20051CAD709B0058CE29 /* ScriptTests.swift */; };
		1A2D20081CAD719B0058CE29 /* ScriptSection.swift in Sources */ = {isa = PBXBuildFile; fileRef = 1A2D20071CAD719B0058CE29 /* ScriptSection.swift */; };
		1A2D200A1CAD71C00058CE29 /* ScriptSectionTests.swift in Sources */ = {isa = PBXBuildFile; fileRef = 1A2D20091CAD71C00058CE29 /* ScriptSectionTests.swift */; };
		1A2D200D1CAD96C60058CE29 /* ScriptRunnerViewController.swift in Sources */ = {isa = PBXBuildFile; fileRef = 1A2D200C1CAD96C60058CE29 /* ScriptRunnerViewController.swift */; };
		1A2D200F1CAD99A40058CE29 /* Storyboards.swift in Sources */ = {isa = PBXBuildFile; fileRef = 1A2D200E1CAD99A40058CE29 /* Storyboards.swift */; };
		1A2D20141CAD9FCA0058CE29 /* DemoScriptStore.swift in Sources */ = {isa = PBXBuildFile; fileRef = 1A2D20131CAD9FCA0058CE29 /* DemoScriptStore.swift */; };
		1A2D20161CADA2CF0058CE29 /* ScriptPlayer.swift in Sources */ = {isa = PBXBuildFile; fileRef = 1A2D20151CADA2CF0058CE29 /* ScriptPlayer.swift */; };
		1A3621B31CAEEEA50048B6E4 /* UIColor+HexAdditions.swift in Sources */ = {isa = PBXBuildFile; fileRef = 1A3621B21CAEEEA50048B6E4 /* UIColor+HexAdditions.swift */; };
		1AF77C2C1CADB4D60015CCA0 /* ScriptPlayerTableDisplayAdaptor.swift in Sources */ = {isa = PBXBuildFile; fileRef = 1AF77C2B1CADB4D60015CCA0 /* ScriptPlayerTableDisplayAdaptor.swift */; };
		1AF77C2E1CADC4650015CCA0 /* ScriptSectionTableViewCell.swift in Sources */ = {isa = PBXBuildFile; fileRef = 1AF77C2D1CADC4650015CCA0 /* ScriptSectionTableViewCell.swift */; };
/* End PBXBuildFile section */

/* Begin PBXContainerItemProxy section */
		1A12C4611CAD6F2D00E9D512 /* PBXContainerItemProxy */ = {
			isa = PBXContainerItemProxy;
			containerPortal = 1A12C4441CAD6F2D00E9D512 /* Project object */;
			proxyType = 1;
			remoteGlobalIDString = 1A12C44B1CAD6F2D00E9D512;
			remoteInfo = DemoNinja;
		};
		1A12C46C1CAD6F2D00E9D512 /* PBXContainerItemProxy */ = {
			isa = PBXContainerItemProxy;
			containerPortal = 1A12C4441CAD6F2D00E9D512 /* Project object */;
			proxyType = 1;
			remoteGlobalIDString = 1A12C44B1CAD6F2D00E9D512;
			remoteInfo = DemoNinja;
		};
/* End PBXContainerItemProxy section */

/* Begin PBXFileReference section */
		1A12C44C1CAD6F2D00E9D512 /* DemoNinja.app */ = {isa = PBXFileReference; explicitFileType = wrapper.application; includeInIndex = 0; path = DemoNinja.app; sourceTree = BUILT_PRODUCTS_DIR; };
		1A12C44F1CAD6F2D00E9D512 /* AppDelegate.swift */ = {isa = PBXFileReference; lastKnownFileType = sourcecode.swift; path = AppDelegate.swift; sourceTree = "<group>"; };
		1A12C4511CAD6F2D00E9D512 /* MainMenuViewController.swift */ = {isa = PBXFileReference; lastKnownFileType = sourcecode.swift; path = MainMenuViewController.swift; sourceTree = "<group>"; };
		1A12C4541CAD6F2D00E9D512 /* Base */ = {isa = PBXFileReference; lastKnownFileType = file.storyboard; name = Base; path = Base.lproj/Main.storyboard; sourceTree = "<group>"; };
		1A12C4561CAD6F2D00E9D512 /* Assets.xcassets */ = {isa = PBXFileReference; lastKnownFileType = folder.assetcatalog; path = Assets.xcassets; sourceTree = "<group>"; };
		1A12C4591CAD6F2D00E9D512 /* Base */ = {isa = PBXFileReference; lastKnownFileType = file.storyboard; name = Base; path = Base.lproj/LaunchScreen.storyboard; sourceTree = "<group>"; };
		1A12C45B1CAD6F2D00E9D512 /* Info.plist */ = {isa = PBXFileReference; lastKnownFileType = text.plist.xml; path = Info.plist; sourceTree = "<group>"; };
		1A12C4601CAD6F2D00E9D512 /* DemoNinjaTests.xctest */ = {isa = PBXFileReference; explicitFileType = wrapper.cfbundle; includeInIndex = 0; path = DemoNinjaTests.xctest; sourceTree = BUILT_PRODUCTS_DIR; };
		1A12C4641CAD6F2D00E9D512 /* DemoNinjaTests.swift */ = {isa = PBXFileReference; lastKnownFileType = sourcecode.swift; path = DemoNinjaTests.swift; sourceTree = "<group>"; };
		1A12C4661CAD6F2D00E9D512 /* Info.plist */ = {isa = PBXFileReference; lastKnownFileType = text.plist.xml; path = Info.plist; sourceTree = "<group>"; };
		1A12C46B1CAD6F2D00E9D512 /* DemoNinjaUITests.xctest */ = {isa = PBXFileReference; explicitFileType = wrapper.cfbundle; includeInIndex = 0; path = DemoNinjaUITests.xctest; sourceTree = BUILT_PRODUCTS_DIR; };
		1A12C46F1CAD6F2D00E9D512 /* DemoNinjaUITests.swift */ = {isa = PBXFileReference; lastKnownFileType = sourcecode.swift; path = DemoNinjaUITests.swift; sourceTree = "<group>"; };
		1A12C4711CAD6F2D00E9D512 /* Info.plist */ = {isa = PBXFileReference; lastKnownFileType = text.plist.xml; path = Info.plist; sourceTree = "<group>"; };
		1A2D20031CAD70740058CE29 /* Script.swift */ = {isa = PBXFileReference; fileEncoding = 4; lastKnownFileType = sourcecode.swift; path = Script.swift; sourceTree = "<group>"; };
		1A2D20051CAD709B0058CE29 /* ScriptTests.swift */ = {isa = PBXFileReference; fileEncoding = 4; lastKnownFileType = sourcecode.swift; path = ScriptTests.swift; sourceTree = "<group>"; };
		1A2D20071CAD719B0058CE29 /* ScriptSection.swift */ = {isa = PBXFileReference; fileEncoding = 4; lastKnownFileType = sourcecode.swift; path = ScriptSection.swift; sourceTree = "<group>"; };
		1A2D20091CAD71C00058CE29 /* ScriptSectionTests.swift */ = {isa = PBXFileReference; fileEncoding = 4; lastKnownFileType = sourcecode.swift; path = ScriptSectionTests.swift; sourceTree = "<group>"; };
		1A2D200C1CAD96C60058CE29 /* ScriptRunnerViewController.swift */ = {isa = PBXFileReference; fileEncoding = 4; lastKnownFileType = sourcecode.swift; path = ScriptRunnerViewController.swift; sourceTree = "<group>"; };
		1A2D200E1CAD99A40058CE29 /* Storyboards.swift */ = {isa = PBXFileReference; fileEncoding = 4; lastKnownFileType = sourcecode.swift; path = Storyboards.swift; sourceTree = "<group>"; };
		1A2D20131CAD9FCA0058CE29 /* DemoScriptStore.swift */ = {isa = PBXFileReference; fileEncoding = 4; lastKnownFileType = sourcecode.swift; path = DemoScriptStore.swift; sourceTree = "<group>"; };
		1A2D20151CADA2CF0058CE29 /* ScriptPlayer.swift */ = {isa = PBXFileReference; fileEncoding = 4; lastKnownFileType = sourcecode.swift; path = ScriptPlayer.swift; sourceTree = "<group>"; };
		1A3621B21CAEEEA50048B6E4 /* UIColor+HexAdditions.swift */ = {isa = PBXFileReference; fileEncoding = 4; lastKnownFileType = sourcecode.swift; path = "UIColor+HexAdditions.swift"; sourceTree = "<group>"; };
		1AF77C2B1CADB4D60015CCA0 /* ScriptPlayerTableDisplayAdaptor.swift */ = {isa = PBXFileReference; fileEncoding = 4; lastKnownFileType = sourcecode.swift; path = ScriptPlayerTableDisplayAdaptor.swift; sourceTree = "<group>"; };
		1AF77C2D1CADC4650015CCA0 /* ScriptSectionTableViewCell.swift */ = {isa = PBXFileReference; fileEncoding = 4; lastKnownFileType = sourcecode.swift; path = ScriptSectionTableViewCell.swift; sourceTree = "<group>"; };
/* End PBXFileReference section */

/* Begin PBXFrameworksBuildPhase section */
		1A12C4491CAD6F2D00E9D512 /* Frameworks */ = {
			isa = PBXFrameworksBuildPhase;
			buildActionMask = 2147483647;
			files = (
			);
			runOnlyForDeploymentPostprocessing = 0;
		};
		1A12C45D1CAD6F2D00E9D512 /* Frameworks */ = {
			isa = PBXFrameworksBuildPhase;
			buildActionMask = 2147483647;
			files = (
			);
			runOnlyForDeploymentPostprocessing = 0;
		};
		1A12C4681CAD6F2D00E9D512 /* Frameworks */ = {
			isa = PBXFrameworksBuildPhase;
			buildActionMask = 2147483647;
			files = (
			);
			runOnlyForDeploymentPostprocessing = 0;
		};
/* End PBXFrameworksBuildPhase section */

/* Begin PBXGroup section */
		1A12C4431CAD6F2D00E9D512 = {
			isa = PBXGroup;
			children = (
				1A12C44E1CAD6F2D00E9D512 /* DemoNinja */,
				1A12C4631CAD6F2D00E9D512 /* DemoNinjaTests */,
				1A12C46E1CAD6F2D00E9D512 /* DemoNinjaUITests */,
				1A12C44D1CAD6F2D00E9D512 /* Products */,
			);
			sourceTree = "<group>";
		};
		1A12C44D1CAD6F2D00E9D512 /* Products */ = {
			isa = PBXGroup;
			children = (
				1A12C44C1CAD6F2D00E9D512 /* DemoNinja.app */,
				1A12C4601CAD6F2D00E9D512 /* DemoNinjaTests.xctest */,
				1A12C46B1CAD6F2D00E9D512 /* DemoNinjaUITests.xctest */,
			);
			name = Products;
			sourceTree = "<group>";
		};
		1A12C44E1CAD6F2D00E9D512 /* DemoNinja */ = {
			isa = PBXGroup;
			children = (
				1A2D200E1CAD99A40058CE29 /* Storyboards.swift */,
				1A2D20111CAD9A430058CE29 /* Screens */,
				1A2D20121CAD9FB80058CE29 /* Stores */,
				1A2D20021CAD70670058CE29 /* Models */,
				1A12C44F1CAD6F2D00E9D512 /* AppDelegate.swift */,
				1A12C4531CAD6F2D00E9D512 /* Main.storyboard */,
				1A12C4561CAD6F2D00E9D512 /* Assets.xcassets */,
				1A12C4581CAD6F2D00E9D512 /* LaunchScreen.storyboard */,
				1A12C45B1CAD6F2D00E9D512 /* Info.plist */,
				1A3621B21CAEEEA50048B6E4 /* UIColor+HexAdditions.swift */,
			);
			path = DemoNinja;
			sourceTree = "<group>";
		};
		1A12C4631CAD6F2D00E9D512 /* DemoNinjaTests */ = {
			isa = PBXGroup;
			children = (
				1A12C4641CAD6F2D00E9D512 /* DemoNinjaTests.swift */,
				1A12C4661CAD6F2D00E9D512 /* Info.plist */,
				1A2D20051CAD709B0058CE29 /* ScriptTests.swift */,
				1A2D20091CAD71C00058CE29 /* ScriptSectionTests.swift */,
			);
			path = DemoNinjaTests;
			sourceTree = "<group>";
		};
		1A12C46E1CAD6F2D00E9D512 /* DemoNinjaUITests */ = {
			isa = PBXGroup;
			children = (
				1A12C46F1CAD6F2D00E9D512 /* DemoNinjaUITests.swift */,
				1A12C4711CAD6F2D00E9D512 /* Info.plist */,
			);
			path = DemoNinjaUITests;
			sourceTree = "<group>";
		};
		1A2D20021CAD70670058CE29 /* Models */ = {
			isa = PBXGroup;
			children = (
				1A2D20151CADA2CF0058CE29 /* ScriptPlayer.swift */,
				1A2D20031CAD70740058CE29 /* Script.swift */,
				1A2D20071CAD719B0058CE29 /* ScriptSection.swift */,
			);
			name = Models;
			sourceTree = "<group>";
		};
		1A2D200B1CAD96A60058CE29 /* Script Runner */ = {
			isa = PBXGroup;
			children = (
				1A2D200C1CAD96C60058CE29 /* ScriptRunnerViewController.swift */,
				1AF77C2B1CADB4D60015CCA0 /* ScriptPlayerTableDisplayAdaptor.swift */,
				1AF77C2D1CADC4650015CCA0 /* ScriptSectionTableViewCell.swift */,
			);
			name = "Script Runner";
			sourceTree = "<group>";
		};
		1A2D20101CAD9A380058CE29 /* Main Menu */ = {
			isa = PBXGroup;
			children = (
				1A12C4511CAD6F2D00E9D512 /* MainMenuViewController.swift */,
			);
			name = "Main Menu";
			sourceTree = "<group>";
		};
		1A2D20111CAD9A430058CE29 /* Screens */ = {
			isa = PBXGroup;
			children = (
				1A2D20101CAD9A380058CE29 /* Main Menu */,
				1A2D200B1CAD96A60058CE29 /* Script Runner */,
			);
			name = Screens;
			sourceTree = "<group>";
		};
		1A2D20121CAD9FB80058CE29 /* Stores */ = {
			isa = PBXGroup;
			children = (
				1A2D20131CAD9FCA0058CE29 /* DemoScriptStore.swift */,
			);
			name = Stores;
			sourceTree = "<group>";
		};
/* End PBXGroup section */

/* Begin PBXNativeTarget section */
		1A12C44B1CAD6F2D00E9D512 /* DemoNinja */ = {
			isa = PBXNativeTarget;
			buildConfigurationList = 1A12C4741CAD6F2D00E9D512 /* Build configuration list for PBXNativeTarget "DemoNinja" */;
			buildPhases = (
				1A12C4481CAD6F2D00E9D512 /* Sources */,
				1A12C4491CAD6F2D00E9D512 /* Frameworks */,
				1A12C44A1CAD6F2D00E9D512 /* Resources */,
			);
			buildRules = (
			);
			dependencies = (
			);
			name = DemoNinja;
			productName = DemoNinja;
			productReference = 1A12C44C1CAD6F2D00E9D512 /* DemoNinja.app */;
			productType = "com.apple.product-type.application";
		};
		1A12C45F1CAD6F2D00E9D512 /* DemoNinjaTests */ = {
			isa = PBXNativeTarget;
			buildConfigurationList = 1A12C4771CAD6F2D00E9D512 /* Build configuration list for PBXNativeTarget "DemoNinjaTests" */;
			buildPhases = (
				1A12C45C1CAD6F2D00E9D512 /* Sources */,
				1A12C45D1CAD6F2D00E9D512 /* Frameworks */,
				1A12C45E1CAD6F2D00E9D512 /* Resources */,
			);
			buildRules = (
			);
			dependencies = (
				1A12C4621CAD6F2D00E9D512 /* PBXTargetDependency */,
			);
			name = DemoNinjaTests;
			productName = DemoNinjaTests;
			productReference = 1A12C4601CAD6F2D00E9D512 /* DemoNinjaTests.xctest */;
			productType = "com.apple.product-type.bundle.unit-test";
		};
		1A12C46A1CAD6F2D00E9D512 /* DemoNinjaUITests */ = {
			isa = PBXNativeTarget;
			buildConfigurationList = 1A12C47A1CAD6F2D00E9D512 /* Build configuration list for PBXNativeTarget "DemoNinjaUITests" */;
			buildPhases = (
				1A12C4671CAD6F2D00E9D512 /* Sources */,
				1A12C4681CAD6F2D00E9D512 /* Frameworks */,
				1A12C4691CAD6F2D00E9D512 /* Resources */,
			);
			buildRules = (
			);
			dependencies = (
				1A12C46D1CAD6F2D00E9D512 /* PBXTargetDependency */,
			);
			name = DemoNinjaUITests;
			productName = DemoNinjaUITests;
			productReference = 1A12C46B1CAD6F2D00E9D512 /* DemoNinjaUITests.xctest */;
			productType = "com.apple.product-type.bundle.ui-testing";
		};
/* End PBXNativeTarget section */

/* Begin PBXProject section */
		1A12C4441CAD6F2D00E9D512 /* Project object */ = {
			isa = PBXProject;
			attributes = {
				LastSwiftUpdateCheck = 0730;
				LastUpgradeCheck = 0730;
				ORGANIZATIONNAME = "Clickable Bliss";
				TargetAttributes = {
					1A12C44B1CAD6F2D00E9D512 = {
						CreatedOnToolsVersion = 7.3;
					};
					1A12C45F1CAD6F2D00E9D512 = {
						CreatedOnToolsVersion = 7.3;
						TestTargetID = 1A12C44B1CAD6F2D00E9D512;
					};
					1A12C46A1CAD6F2D00E9D512 = {
						CreatedOnToolsVersion = 7.3;
						TestTargetID = 1A12C44B1CAD6F2D00E9D512;
					};
				};
			};
			buildConfigurationList = 1A12C4471CAD6F2D00E9D512 /* Build configuration list for PBXProject "DemoNinja" */;
			compatibilityVersion = "Xcode 3.2";
			developmentRegion = English;
			hasScannedForEncodings = 0;
			knownRegions = (
				en,
				Base,
			);
			mainGroup = 1A12C4431CAD6F2D00E9D512;
			productRefGroup = 1A12C44D1CAD6F2D00E9D512 /* Products */;
			projectDirPath = "";
			projectRoot = "";
			targets = (
				1A12C44B1CAD6F2D00E9D512 /* DemoNinja */,
				1A12C45F1CAD6F2D00E9D512 /* DemoNinjaTests */,
				1A12C46A1CAD6F2D00E9D512 /* DemoNinjaUITests */,
			);
		};
/* End PBXProject section */

/* Begin PBXResourcesBuildPhase section */
		1A12C44A1CAD6F2D00E9D512 /* Resources */ = {
			isa = PBXResourcesBuildPhase;
			buildActionMask = 2147483647;
			files = (
				1A12C45A1CAD6F2D00E9D512 /* LaunchScreen.storyboard in Resources */,
				1A12C4571CAD6F2D00E9D512 /* Assets.xcassets in Resources */,
				1A12C4551CAD6F2D00E9D512 /* Main.storyboard in Resources */,
			);
			runOnlyForDeploymentPostprocessing = 0;
		};
		1A12C45E1CAD6F2D00E9D512 /* Resources */ = {
			isa = PBXResourcesBuildPhase;
			buildActionMask = 2147483647;
			files = (
			);
			runOnlyForDeploymentPostprocessing = 0;
		};
		1A12C4691CAD6F2D00E9D512 /* Resources */ = {
			isa = PBXResourcesBuildPhase;
			buildActionMask = 2147483647;
			files = (
			);
			runOnlyForDeploymentPostprocessing = 0;
		};
/* End PBXResourcesBuildPhase section */

/* Begin PBXSourcesBuildPhase section */
		1A12C4481CAD6F2D00E9D512 /* Sources */ = {
			isa = PBXSourcesBuildPhase;
			buildActionMask = 2147483647;
			files = (
				1AF77C2E1CADC4650015CCA0 /* ScriptSectionTableViewCell.swift in Sources */,
				1A2D20141CAD9FCA0058CE29 /* DemoScriptStore.swift in Sources */,
				1A2D200F1CAD99A40058CE29 /* Storyboards.swift in Sources */,
				1A2D20041CAD70740058CE29 /* Script.swift in Sources */,
				1A2D20081CAD719B0058CE29 /* ScriptSection.swift in Sources */,
				1A12C4521CAD6F2D00E9D512 /* MainMenuViewController.swift in Sources */,
				1A12C4501CAD6F2D00E9D512 /* AppDelegate.swift in Sources */,
				1A2D200D1CAD96C60058CE29 /* ScriptRunnerViewController.swift in Sources */,
				1A3621B31CAEEEA50048B6E4 /* UIColor+HexAdditions.swift in Sources */,
				1AF77C2C1CADB4D60015CCA0 /* ScriptPlayerTableDisplayAdaptor.swift in Sources */,
				1A2D20161CADA2CF0058CE29 /* ScriptPlayer.swift in Sources */,
			);
			runOnlyForDeploymentPostprocessing = 0;
		};
		1A12C45C1CAD6F2D00E9D512 /* Sources */ = {
			isa = PBXSourcesBuildPhase;
			buildActionMask = 2147483647;
			files = (
				1A12C4651CAD6F2D00E9D512 /* DemoNinjaTests.swift in Sources */,
				1A2D20061CAD709B0058CE29 /* ScriptTests.swift in Sources */,
				1A2D200A1CAD71C00058CE29 /* ScriptSectionTests.swift in Sources */,
			);
			runOnlyForDeploymentPostprocessing = 0;
		};
		1A12C4671CAD6F2D00E9D512 /* Sources */ = {
			isa = PBXSourcesBuildPhase;
			buildActionMask = 2147483647;
			files = (
				1A12C4701CAD6F2D00E9D512 /* DemoNinjaUITests.swift in Sources */,
			);
			runOnlyForDeploymentPostprocessing = 0;
		};
/* End PBXSourcesBuildPhase section */

/* Begin PBXTargetDependency section */
		1A12C4621CAD6F2D00E9D512 /* PBXTargetDependency */ = {
			isa = PBXTargetDependency;
			target = 1A12C44B1CAD6F2D00E9D512 /* DemoNinja */;
			targetProxy = 1A12C4611CAD6F2D00E9D512 /* PBXContainerItemProxy */;
		};
		1A12C46D1CAD6F2D00E9D512 /* PBXTargetDependency */ = {
			isa = PBXTargetDependency;
			target = 1A12C44B1CAD6F2D00E9D512 /* DemoNinja */;
			targetProxy = 1A12C46C1CAD6F2D00E9D512 /* PBXContainerItemProxy */;
		};
/* End PBXTargetDependency section */

/* Begin PBXVariantGroup section */
		1A12C4531CAD6F2D00E9D512 /* Main.storyboard */ = {
			isa = PBXVariantGroup;
			children = (
				1A12C4541CAD6F2D00E9D512 /* Base */,
			);
			name = Main.storyboard;
			sourceTree = "<group>";
		};
		1A12C4581CAD6F2D00E9D512 /* LaunchScreen.storyboard */ = {
			isa = PBXVariantGroup;
			children = (
				1A12C4591CAD6F2D00E9D512 /* Base */,
			);
			name = LaunchScreen.storyboard;
			sourceTree = "<group>";
		};
/* End PBXVariantGroup section */

/* Begin XCBuildConfiguration section */
		1A12C4721CAD6F2D00E9D512 /* Debug */ = {
			isa = XCBuildConfiguration;
			buildSettings = {
				ALWAYS_SEARCH_USER_PATHS = NO;
				CLANG_ANALYZER_NONNULL = YES;
				CLANG_CXX_LANGUAGE_STANDARD = "gnu++0x";
				CLANG_CXX_LIBRARY = "libc++";
				CLANG_ENABLE_MODULES = YES;
				CLANG_ENABLE_OBJC_ARC = YES;
				CLANG_WARN_BOOL_CONVERSION = YES;
				CLANG_WARN_CONSTANT_CONVERSION = YES;
				CLANG_WARN_DIRECT_OBJC_ISA_USAGE = YES_ERROR;
				CLANG_WARN_EMPTY_BODY = YES;
				CLANG_WARN_ENUM_CONVERSION = YES;
				CLANG_WARN_INT_CONVERSION = YES;
				CLANG_WARN_OBJC_ROOT_CLASS = YES_ERROR;
				CLANG_WARN_UNREACHABLE_CODE = YES;
				CLANG_WARN__DUPLICATE_METHOD_MATCH = YES;
				"CODE_SIGN_IDENTITY[sdk=iphoneos*]" = "iPhone Developer";
				COPY_PHASE_STRIP = NO;
				DEBUG_INFORMATION_FORMAT = dwarf;
				ENABLE_STRICT_OBJC_MSGSEND = YES;
				ENABLE_TESTABILITY = YES;
				GCC_C_LANGUAGE_STANDARD = gnu99;
				GCC_DYNAMIC_NO_PIC = NO;
				GCC_NO_COMMON_BLOCKS = YES;
				GCC_OPTIMIZATION_LEVEL = 0;
				GCC_PREPROCESSOR_DEFINITIONS = (
					"DEBUG=1",
					"$(inherited)",
				);
				GCC_WARN_64_TO_32_BIT_CONVERSION = YES;
				GCC_WARN_ABOUT_RETURN_TYPE = YES_ERROR;
				GCC_WARN_UNDECLARED_SELECTOR = YES;
				GCC_WARN_UNINITIALIZED_AUTOS = YES_AGGRESSIVE;
				GCC_WARN_UNUSED_FUNCTION = YES;
				GCC_WARN_UNUSED_VARIABLE = YES;
				IPHONEOS_DEPLOYMENT_TARGET = 9.3;
				MTL_ENABLE_DEBUG_INFO = YES;
				ONLY_ACTIVE_ARCH = YES;
				SDKROOT = iphoneos;
				SWIFT_OPTIMIZATION_LEVEL = "-Onone";
				TARGETED_DEVICE_FAMILY = 2;
			};
			name = Debug;
		};
		1A12C4731CAD6F2D00E9D512 /* Release */ = {
			isa = XCBuildConfiguration;
			buildSettings = {
				ALWAYS_SEARCH_USER_PATHS = NO;
				CLANG_ANALYZER_NONNULL = YES;
				CLANG_CXX_LANGUAGE_STANDARD = "gnu++0x";
				CLANG_CXX_LIBRARY = "libc++";
				CLANG_ENABLE_MODULES = YES;
				CLANG_ENABLE_OBJC_ARC = YES;
				CLANG_WARN_BOOL_CONVERSION = YES;
				CLANG_WARN_CONSTANT_CONVERSION = YES;
				CLANG_WARN_DIRECT_OBJC_ISA_USAGE = YES_ERROR;
				CLANG_WARN_EMPTY_BODY = YES;
				CLANG_WARN_ENUM_CONVERSION = YES;
				CLANG_WARN_INT_CONVERSION = YES;
				CLANG_WARN_OBJC_ROOT_CLASS = YES_ERROR;
				CLANG_WARN_UNREACHABLE_CODE = YES;
				CLANG_WARN__DUPLICATE_METHOD_MATCH = YES;
				"CODE_SIGN_IDENTITY[sdk=iphoneos*]" = "iPhone Developer";
				COPY_PHASE_STRIP = NO;
				DEBUG_INFORMATION_FORMAT = "dwarf-with-dsym";
				ENABLE_NS_ASSERTIONS = NO;
				ENABLE_STRICT_OBJC_MSGSEND = YES;
				GCC_C_LANGUAGE_STANDARD = gnu99;
				GCC_NO_COMMON_BLOCKS = YES;
				GCC_WARN_64_TO_32_BIT_CONVERSION = YES;
				GCC_WARN_ABOUT_RETURN_TYPE = YES_ERROR;
				GCC_WARN_UNDECLARED_SELECTOR = YES;
				GCC_WARN_UNINITIALIZED_AUTOS = YES_AGGRESSIVE;
				GCC_WARN_UNUSED_FUNCTION = YES;
				GCC_WARN_UNUSED_VARIABLE = YES;
				IPHONEOS_DEPLOYMENT_TARGET = 9.3;
				MTL_ENABLE_DEBUG_INFO = NO;
				SDKROOT = iphoneos;
				TARGETED_DEVICE_FAMILY = 2;
				VALIDATE_PRODUCT = YES;
			};
			name = Release;
		};
		1A12C4751CAD6F2D00E9D512 /* Debug */ = {
			isa = XCBuildConfiguration;
			buildSettings = {
				ASSETCATALOG_COMPILER_APPICON_NAME = AppIcon;
				INFOPLIST_FILE = DemoNinja/Info.plist;
				LD_RUNPATH_SEARCH_PATHS = "$(inherited) @executable_path/Frameworks";
				PRODUCT_BUNDLE_IDENTIFIER = com.clickablebliss.DemoNinja;
				PRODUCT_NAME = "$(TARGET_NAME)";
			};
			name = Debug;
		};
		1A12C4761CAD6F2D00E9D512 /* Release */ = {
			isa = XCBuildConfiguration;
			buildSettings = {
				ASSETCATALOG_COMPILER_APPICON_NAME = AppIcon;
				INFOPLIST_FILE = DemoNinja/Info.plist;
				LD_RUNPATH_SEARCH_PATHS = "$(inherited) @executable_path/Frameworks";
				PRODUCT_BUNDLE_IDENTIFIER = com.clickablebliss.DemoNinja;
				PRODUCT_NAME = "$(TARGET_NAME)";
			};
			name = Release;
		};
		1A12C4781CAD6F2D00E9D512 /* Debug */ = {
			isa = XCBuildConfiguration;
			buildSettings = {
				BUNDLE_LOADER = "$(TEST_HOST)";
				INFOPLIST_FILE = DemoNinjaTests/Info.plist;
				LD_RUNPATH_SEARCH_PATHS = "$(inherited) @executable_path/Frameworks @loader_path/Frameworks";
				PRODUCT_BUNDLE_IDENTIFIER = com.clickablebliss.DemoNinjaTests;
				PRODUCT_NAME = "$(TARGET_NAME)";
				TEST_HOST = "$(BUILT_PRODUCTS_DIR)/DemoNinja.app/DemoNinja";
			};
			name = Debug;
		};
		1A12C4791CAD6F2D00E9D512 /* Release */ = {
			isa = XCBuildConfiguration;
			buildSettings = {
				BUNDLE_LOADER = "$(TEST_HOST)";
				INFOPLIST_FILE = DemoNinjaTests/Info.plist;
				LD_RUNPATH_SEARCH_PATHS = "$(inherited) @executable_path/Frameworks @loader_path/Frameworks";
				PRODUCT_BUNDLE_IDENTIFIER = com.clickablebliss.DemoNinjaTests;
				PRODUCT_NAME = "$(TARGET_NAME)";
				TEST_HOST = "$(BUILT_PRODUCTS_DIR)/DemoNinja.app/DemoNinja";
			};
			name = Release;
		};
		1A12C47B1CAD6F2D00E9D512 /* Debug */ = {
			isa = XCBuildConfiguration;
			buildSettings = {
				INFOPLIST_FILE = DemoNinjaUITests/Info.plist;
				LD_RUNPATH_SEARCH_PATHS = "$(inherited) @executable_path/Frameworks @loader_path/Frameworks";
				PRODUCT_BUNDLE_IDENTIFIER = com.clickablebliss.DemoNinjaUITests;
				PRODUCT_NAME = "$(TARGET_NAME)";
				TEST_TARGET_NAME = DemoNinja;
			};
			name = Debug;
		};
		1A12C47C1CAD6F2D00E9D512 /* Release */ = {
			isa = XCBuildConfiguration;
			buildSettings = {
				INFOPLIST_FILE = DemoNinjaUITests/Info.plist;
				LD_RUNPATH_SEARCH_PATHS = "$(inherited) @executable_path/Frameworks @loader_path/Frameworks";
				PRODUCT_BUNDLE_IDENTIFIER = com.clickablebliss.DemoNinjaUITests;
				PRODUCT_NAME = "$(TARGET_NAME)";
				TEST_TARGET_NAME = DemoNinja;
			};
			name = Release;
		};
/* End XCBuildConfiguration section */

/* Begin XCConfigurationList section */
		1A12C4471CAD6F2D00E9D512 /* Build configuration list for PBXProject "DemoNinja" */ = {
			isa = XCConfigurationList;
			buildConfigurations = (
				1A12C4721CAD6F2D00E9D512 /* Debug */,
				1A12C4731CAD6F2D00E9D512 /* Release */,
			);
			defaultConfigurationIsVisible = 0;
			defaultConfigurationName = Release;
		};
		1A12C4741CAD6F2D00E9D512 /* Build configuration list for PBXNativeTarget "DemoNinja" */ = {
			isa = XCConfigurationList;
			buildConfigurations = (
				1A12C4751CAD6F2D00E9D512 /* Debug */,
				1A12C4761CAD6F2D00E9D512 /* Release */,
			);
			defaultConfigurationIsVisible = 0;
			defaultConfigurationName = Release;
		};
		1A12C4771CAD6F2D00E9D512 /* Build configuration list for PBXNativeTarget "DemoNinjaTests" */ = {
			isa = XCConfigurationList;
			buildConfigurations = (
				1A12C4781CAD6F2D00E9D512 /* Debug */,
				1A12C4791CAD6F2D00E9D512 /* Release */,
			);
			defaultConfigurationIsVisible = 0;
			defaultConfigurationName = Release;
		};
		1A12C47A1CAD6F2D00E9D512 /* Build configuration list for PBXNativeTarget "DemoNinjaUITests" */ = {
			isa = XCConfigurationList;
			buildConfigurations = (
				1A12C47B1CAD6F2D00E9D512 /* Debug */,
				1A12C47C1CAD6F2D00E9D512 /* Release */,
			);
			defaultConfigurationIsVisible = 0;
			defaultConfigurationName = Release;
		};
/* End XCConfigurationList section */
	};
	rootObject = 1A12C4441CAD6F2D00E9D512 /* Project object */;
}
